
Microsoft Visual Studio Solution File, Format Version 12.00
# Visual Studio Version 16
VisualStudioVersion = 16.0.30320.27
MinimumVisualStudioVersion = 10.0.40219.1
Project("{FAE04EC0-301F-11D3-BF4B-00C04F79EFBC}") = "TestAppForRit", "TestAppForRit.csproj", "{B680E143-AF95-4751-BF3E-D83DE02A54FD}"
EndProject
Global
	GlobalSection(SolutionConfigurationPlatforms) = preSolution
		Debug|Any CPU = Debug|Any CPU
		Release|Any CPU = Release|Any CPU
	EndGlobalSection
	GlobalSection(ProjectConfigurationPlatforms) = postSolution
		{B680E143-AF95-4751-BF3E-D83DE02A54FD}.Debug|Any CPU.ActiveCfg = Debug|Any CPU
		{B680E143-AF95-4751-BF3E-D83DE02A54FD}.Debug|Any CPU.Build.0 = Debug|Any CPU
		{B680E143-AF95-4751-BF3E-D83DE02A54FD}.Release|Any CPU.ActiveCfg = Release|Any CPU
		{B680E143-AF95-4751-BF3E-D83DE02A54FD}.Release|Any CPU.Build.0 = Release|Any CPU
	EndGlobalSection
	GlobalSection(SolutionProperties) = preSolution
		HideSolutionNode = FALSE
	EndGlobalSection
	GlobalSection(ExtensibilityGlobals) = postSolution
		SolutionGuid = {79BE32DA-6586-46B1-A596-597EE9706E6E}
	EndGlobalSection
EndGlobal
